
Microsoft Visual Studio Solution File, Format Version 12.00
# Visual Studio Version 17
VisualStudioVersion = 17.5.33530.505
MinimumVisualStudioVersion = 10.0.40219.1
Project("{FAE04EC0-301F-11D3-BF4B-00C04F79EFBC}") = "Polly-Demo", "Polly-Demo.csproj", "{06464DB5-7B07-4071-B4E6-6159BB7D0763}"
EndProject
Global
	GlobalSection(SolutionConfigurationPlatforms) = preSolution
		Debug|Any CPU = Debug|Any CPU
		Release|Any CPU = Release|Any CPU
	EndGlobalSection
	GlobalSection(ProjectConfigurationPlatforms) = postSolution
		{06464DB5-7B07-4071-B4E6-6159BB7D0763}.Debug|Any CPU.ActiveCfg = Debug|Any CPU
		{06464DB5-7B07-4071-B4E6-6159BB7D0763}.Debug|Any CPU.Build.0 = Debug|Any CPU
		{06464DB5-7B07-4071-B4E6-6159BB7D0763}.Release|Any CPU.ActiveCfg = Release|Any CPU
		{06464DB5-7B07-4071-B4E6-6159BB7D0763}.Release|Any CPU.Build.0 = Release|Any CPU
	EndGlobalSection
	GlobalSection(SolutionProperties) = preSolution
		HideSolutionNode = FALSE
	EndGlobalSection
	GlobalSection(ExtensibilityGlobals) = postSolution
		SolutionGuid = {C60646FD-C9E8-4C41-8708-5F95B5E16F6E}
	EndGlobalSection
EndGlobal
